
Microsoft Visual Studio Solution File, Format Version 12.00
# Visual Studio 2017
Project("{FAE04EC0-301F-11D3-BF4B-00C04F79EFBC}") = "BeeTheSwarmPlugin", "BeeTheSwarmPlugin.csproj", "{19B823F0-04CA-AC5C-7882-62CAF5B32F2C}"
EndProject
Project("{FAE04EC0-301F-11D3-BF4B-00C04F79EFBC}") = "BeeTheSwarmPlugin.Plugins", "BeeTheSwarmPlugin.Plugins.csproj", "{69377525-ECD4-2064-D74D-86C3A0DC91F3}"
EndProject
Project("{FAE04EC0-301F-11D3-BF4B-00C04F79EFBC}") = "BeeTheSwarmPlugin.Editor.Plugins", "BeeTheSwarmPlugin.Editor.Plugins.csproj", "{F3E0B2ED-E226-2485-BA41-2BB2DE418DD1}"
EndProject
Project("{FAE04EC0-301F-11D3-BF4B-00C04F79EFBC}") = "BeeTheSwarmPlugin.Editor", "BeeTheSwarmPlugin.Editor.csproj", "{574B5CE2-B929-F942-6205-5E1B391749AE}"
EndProject
Global
	GlobalSection(SolutionConfigurationPlatforms) = preSolution
		Debug|Any CPU = Debug|Any CPU
		Release|Any CPU = Release|Any CPU
	EndGlobalSection
	GlobalSection(ProjectConfigurationPlatforms) = postSolution
		{19B823F0-04CA-AC5C-7882-62CAF5B32F2C}.Debug|Any CPU.ActiveCfg = Debug|Any CPU
		{19B823F0-04CA-AC5C-7882-62CAF5B32F2C}.Debug|Any CPU.Build.0 = Debug|Any CPU
		{19B823F0-04CA-AC5C-7882-62CAF5B32F2C}.Release|Any CPU.ActiveCfg = Release|Any CPU
		{19B823F0-04CA-AC5C-7882-62CAF5B32F2C}.Release|Any CPU.Build.0 = Release|Any CPU
		{69377525-ECD4-2064-D74D-86C3A0DC91F3}.Debug|Any CPU.ActiveCfg = Debug|Any CPU
		{69377525-ECD4-2064-D74D-86C3A0DC91F3}.Debug|Any CPU.Build.0 = Debug|Any CPU
		{69377525-ECD4-2064-D74D-86C3A0DC91F3}.Release|Any CPU.ActiveCfg = Release|Any CPU
		{69377525-ECD4-2064-D74D-86C3A0DC91F3}.Release|Any CPU.Build.0 = Release|Any CPU
		{F3E0B2ED-E226-2485-BA41-2BB2DE418DD1}.Debug|Any CPU.ActiveCfg = Debug|Any CPU
		{F3E0B2ED-E226-2485-BA41-2BB2DE418DD1}.Debug|Any CPU.Build.0 = Debug|Any CPU
		{F3E0B2ED-E226-2485-BA41-2BB2DE418DD1}.Release|Any CPU.ActiveCfg = Release|Any CPU
		{F3E0B2ED-E226-2485-BA41-2BB2DE418DD1}.Release|Any CPU.Build.0 = Release|Any CPU
		{574B5CE2-B929-F942-6205-5E1B391749AE}.Debug|Any CPU.ActiveCfg = Debug|Any CPU
		{574B5CE2-B929-F942-6205-5E1B391749AE}.Debug|Any CPU.Build.0 = Debug|Any CPU
		{574B5CE2-B929-F942-6205-5E1B391749AE}.Release|Any CPU.ActiveCfg = Release|Any CPU
		{574B5CE2-B929-F942-6205-5E1B391749AE}.Release|Any CPU.Build.0 = Release|Any CPU
	EndGlobalSection
	GlobalSection(SolutionProperties) = preSolution
		HideSolutionNode = FALSE
	EndGlobalSection
EndGlobal
